<?xml version="1.0" encoding="utf-8"?>
<Project ToolsVersion="4.0" xmlns="http://schemas.microsoft.com/developer/msbuild/2003">
  <ItemGroup>
    <ClCompile Include="Entry.cpp">
      <Filter>01_Entry</Filter>
    </ClCompile>
    <ClCompile Include="Application.cpp">
      <Filter>01_Entry</Filter>
    </ClCompile>
    <ClCompile Include="CameraMove.cpp">
      <Filter>02_Client\TestScene\Camera</Filter>
    </ClCompile>
    <ClCompile Include="PlayerMove.cpp">
      <Filter>02_Client\TestScene\Player</Filter>
    </ClCompile>
    <ClCompile Include="Client.cpp">
      <Filter>01_Entry</Filter>
    </ClCompile>
    <ClCompile Include="LoginSceneView.cpp">
      <Filter>04_SceneView\Login</Filter>
    </ClCompile>
    <ClCompile Include="RoundManager.cpp">
      <Filter>03_Manager\RoundManager</Filter>
    </ClCompile>
    <ClCompile Include="LobbyManager.cpp">
      <Filter>03_Manager\LobbyManager</Filter>
    </ClCompile>
    <ClCompile Include="Enum.pb.cc">
      <Filter>03_Manager\NetworkManager\Protocol\ProtoBuf</Filter>
    </ClCompile>
    <ClCompile Include="Struct.pb.cc">
      <Filter>03_Manager\NetworkManager\Protocol\ProtoBuf</Filter>
    </ClCompile>
    <ClCompile Include="ServerSession.cpp">
      <Filter>03_Manager\NetworkManager\Network</Filter>
    </ClCompile>
    <ClCompile Include="pch.cpp">
      <Filter>03_Manager\NetworkManager\Network</Filter>
    </ClCompile>
    <ClCompile Include="NetworkManager.cpp">
      <Filter>03_Manager\NetworkManager</Filter>
    </ClCompile>
    <ClCompile Include="ServerPacketHandler.cpp">
      <Filter>03_Manager\NetworkManager\Network</Filter>
    </ClCompile>
    <ClCompile Include="Protocol.pb.cc">
      <Filter>03_Manager\NetworkManager\Protocol\ProtoBuf</Filter>
    </ClCompile>
    <ClCompile Include="MainMenu.cpp">
      <Filter>04_SceneView\MainMenu</Filter>
    </ClCompile>
    <ClCompile Include="MenuManager.cpp">
      <Filter>03_Manager\MenuManager</Filter>
    </ClCompile>
    <ClCompile Include="UnitySceneLoaderTest.cpp" />
    <ClCompile Include="SliderSoundScript.cpp">
      <Filter>02_Client\TestScene\test</Filter>
    </ClCompile>
    <ClCompile Include="TestScene.cpp">
      <Filter>02_Client\TestScene\test</Filter>
    </ClCompile>
    <ClCompile Include="AnimationLoaderTest.cpp">
      <Filter>02_Client\TestScene\Animation</Filter>
    </ClCompile>
    <ClCompile Include="UnitySceneLoaderTest.cpp">
      <Filter>02_Client\TestScene\SceneLoader</Filter>
    </ClCompile>
    <ClCompile Include="FPAniScript.cpp">
      <Filter>02_Client\TestScene\test</Filter>
    </ClCompile>
    <ClCompile Include="InGameSceneView.cpp">
      <Filter>04_SceneView\InGame</Filter>
    </ClCompile>
    <ClCompile Include="PlayerInfo.cpp">
      <Filter>03_Manager\GameManager\PlayerInfo</Filter>
    </ClCompile>
    <ClCompile Include="LobbySceneView.cpp">
      <Filter>04_SceneView\Lobby</Filter>
    </ClCompile>
    <ClCompile Include="FSMtestScript.cpp" />
    <ClCompile Include="SoundPlayer.cpp">
      <Filter>04_SceneView\SoundPlayer</Filter>
    </ClCompile>
    <ClCompile Include="FadeInOut.cpp">
      <Filter>04_SceneView\FadeInOut</Filter>
    </ClCompile>
    <ClCompile Include="BtnHoveringScript.cpp">
      <Filter>GameScript\ButtonScript</Filter>
    </ClCompile>
    <ClCompile Include="BtnTextScript.cpp" />
    <ClCompile Include="FSMtestScript.cpp">
      <Filter>02_Client\TestScene\Animation</Filter>
    </ClCompile>
    <ClCompile Include="GameManager.cpp">
      <Filter>03_Manager\GameManager</Filter>
    </ClCompile>
    <ClCompile Include="BtnImageScript.cpp">
      <Filter>GameScript\ImageScript</Filter>
    </ClCompile>
    <ClCompile Include="PlayerTest.cpp">
      <Filter>02_Client\TestScene\Player</Filter>
    </ClCompile>
    <ClCompile Include="MeshTransformController.cpp">
      <Filter>02_Client\TestScene\test</Filter>
    </ClCompile>
  </ItemGroup>
  <ItemGroup>
    <ClInclude Include="Application.h">
      <Filter>01_Entry</Filter>
    </ClInclude>
    <ClInclude Include="CameraMove.h">
      <Filter>02_Client\TestScene\Camera</Filter>
    </ClInclude>
    <ClInclude Include="targetver.h">
      <Filter>00_default</Filter>
    </ClInclude>
    <ClInclude Include="Resource.h">
      <Filter>00_default</Filter>
    </ClInclude>
    <ClInclude Include="PlayerMove.h">
      <Filter>02_Client\TestScene\Player</Filter>
    </ClInclude>
    <ClInclude Include="Client.h">
      <Filter>01_Entry</Filter>
    </ClInclude>
    <ClInclude Include="TestSound.h">
      <Filter>02_Client\TestScene\Player</Filter>
    </ClInclude>
    <ClInclude Include="LoginSceneView.h">
      <Filter>04_SceneView\Login</Filter>
    </ClInclude>
    <ClInclude Include="RoundManager.h">
      <Filter>03_Manager\RoundManager</Filter>
    </ClInclude>
    <ClInclude Include="LobbyManager.h">
      <Filter>03_Manager\LobbyManager</Filter>
    </ClInclude>
    <ClInclude Include="Weapon.h">
      <Filter>02_Client\TestScene\Weapon</Filter>
    </ClInclude>
    <ClInclude Include="Enum.pb.h">
      <Filter>03_Manager\NetworkManager\Protocol\ProtoBuf</Filter>
    </ClInclude>
    <ClInclude Include="Protocol.pb.h">
      <Filter>03_Manager\NetworkManager\Protocol\ProtoBuf</Filter>
    </ClInclude>
    <ClInclude Include="Struct.pb.h">
      <Filter>03_Manager\NetworkManager\Protocol\ProtoBuf</Filter>
    </ClInclude>
    <ClInclude Include="ServerSession.h">
      <Filter>03_Manager\NetworkManager\Network</Filter>
    </ClInclude>
    <ClInclude Include="pch.h">
      <Filter>03_Manager\NetworkManager\Network</Filter>
    </ClInclude>
    <ClInclude Include="NetworkManager.h">
      <Filter>03_Manager\NetworkManager</Filter>
    </ClInclude>
    <ClInclude Include="ServerPacketHandler.h">
      <Filter>03_Manager\NetworkManager\Network</Filter>
    </ClInclude>
    <ClInclude Include="B.h" />
    <ClInclude Include="FSMtestScript.h" />
    <ClInclude Include="UnitySceneLoaderTest.h" />
    <ClInclude Include="MenuManager.h">
      <Filter>03_Manager\MenuManager</Filter>
    </ClInclude>
    <ClInclude Include="MainMenu.h">
      <Filter>04_SceneView\MainMenu</Filter>
    </ClInclude>
    <ClInclude Include="SoundPlayer.h">
      <Filter>04_SceneView\SoundPlayer</Filter>
    </ClInclude>
    <ClInclude Include="FadeInOut.h">
      <Filter>04_SceneView\FadeInOut</Filter>
    </ClInclude>
    <ClInclude Include="TestScene.h">
      <Filter>02_Client\TestScene\test</Filter>
    </ClInclude>
    <ClInclude Include="SliderSoundScript.h">
      <Filter>02_Client\TestScene\test</Filter>
    </ClInclude>
    <ClInclude Include="AnimationLoaderTest.h">
      <Filter>02_Client\TestScene\Animation</Filter>
    </ClInclude>
    <ClInclude Include="FSMtestScript.h">
      <Filter>02_Client\TestScene\Animation</Filter>
    </ClInclude>
    <ClInclude Include="UnitySceneLoaderTest.h">
      <Filter>02_Client\TestScene\SceneLoader</Filter>
    </ClInclude>
    <ClInclude Include="MenuManager.h">
      <Filter>03_Manager\MenuManager</Filter>
    </ClInclude>
    <ClInclude Include="MainMenu.h">
      <Filter>04_SceneView\MainMenu</Filter>
    </ClInclude>
    <ClInclude Include="FPAniScript.h">
      <Filter>02_Client\TestScene\test</Filter>
    </ClInclude>
    <ClInclude Include="InGameSceneView.h">
      <Filter>04_SceneView\InGame</Filter>
    </ClInclude>
    <ClInclude Include="PlayerInfo.h">
      <Filter>03_Manager\GameManager\PlayerInfo</Filter>
    </ClInclude>
    <ClInclude Include="PlayerState.h">
      <Filter>03_Manager\GameManager\PlayerState</Filter>
    </ClInclude>
    <ClInclude Include="BtnTextScript.h">
      <Filter>GameScript\TextScript</Filter>
    </ClInclude>
    <ClInclude Include="BtnHoveringScript.h">
      <Filter>GameScript\ButtonScript</Filter>
    </ClInclude>
    <ClInclude Include="LobbySceneView.h">
      <Filter>04_SceneView\Lobby</Filter>
    </ClInclude>
    <ClInclude Include="GameManager.h">
      <Filter>03_Manager\GameManager</Filter>
    </ClInclude>
    <ClInclude Include="GameStruct.h">
      <Filter>03_Manager\GameManager</Filter>
    </ClInclude>
    <ClInclude Include="ErrorCode.h">
      <Filter>03_Manager\NetworkManager</Filter>
    </ClInclude>
    <ClInclude Include="BtnImageScript.h">
      <Filter>GameScript\ImageScript</Filter>
    </ClInclude>
    <ClInclude Include="PlayerTest.h">
      <Filter>02_Client\TestScene\Player</Filter>
    </ClInclude>
    <ClInclude Include="MeshTransformController.h">
      <Filter>02_Client\TestScene\test</Filter>
    </ClInclude>
  </ItemGroup>
  <ItemGroup>
    <Image Include="HODOclient.ico">
      <Filter>00_default</Filter>
    </Image>
    <Image Include="small.ico">
      <Filter>00_default</Filter>
    </Image>
  </ItemGroup>
  <ItemGroup>
    <Filter Include="01_Entry">
      <UniqueIdentifier>{ec036ad7-dbea-4944-8e77-563788987386}</UniqueIdentifier>
    </Filter>
    <Filter Include="02_Client">
      <UniqueIdentifier>{342fcac3-0837-43be-b602-048e7ce5726e}</UniqueIdentifier>
    </Filter>
    <Filter Include="02_Client\TestScene">
      <UniqueIdentifier>{8664440e-bf82-4337-b7ec-0f46723b1ee6}</UniqueIdentifier>
    </Filter>
    <Filter Include="00_default">
      <UniqueIdentifier>{c6d687a0-25a1-46f1-8015-03125a0d679d}</UniqueIdentifier>
    </Filter>
    <Filter Include="02_Client\TestScene\Camera">
      <UniqueIdentifier>{86ee13c8-2323-4661-8522-0a2947d039a8}</UniqueIdentifier>
    </Filter>
    <Filter Include="02_Client\TestScene\Player">
      <UniqueIdentifier>{e9acabb0-cb8a-4c2a-92fc-47be2c4bbcc0}</UniqueIdentifier>
    </Filter>
    <Filter Include="02_Client\TestScene\Weapon">
      <UniqueIdentifier>{ac6e43e2-0c45-4b33-886f-5f2e52942ec8}</UniqueIdentifier>
    </Filter>
    <Filter Include="03_Manager">
      <UniqueIdentifier>{d039347b-5cfa-432c-9368-05a320664418}</UniqueIdentifier>
    </Filter>
    <Filter Include="04_SceneView">
      <UniqueIdentifier>{78938400-a81c-486c-be6e-3a5260fff65a}</UniqueIdentifier>
    </Filter>
    <Filter Include="04_SceneView\Login">
      <UniqueIdentifier>{2c023769-6516-4112-b946-88a4ff055bbe}</UniqueIdentifier>
    </Filter>
    <Filter Include="04_SceneView\Lobby">
      <UniqueIdentifier>{d4fe9301-7e7c-4f97-b4f1-ade435270749}</UniqueIdentifier>
    </Filter>
    <Filter Include="04_SceneView\InGame">
      <UniqueIdentifier>{3151c696-7a9f-4315-8832-050cff904af8}</UniqueIdentifier>
    </Filter>
    <Filter Include="03_Manager\LobbyManager">
      <UniqueIdentifier>{6cc71ee5-77d6-4520-adb9-643ce13ccc65}</UniqueIdentifier>
    </Filter>
    <Filter Include="03_Manager\NetworkManager">
      <UniqueIdentifier>{bb6cabb6-1ab9-4f86-83fe-c31ee701f7a3}</UniqueIdentifier>
    </Filter>
    <Filter Include="03_Manager\NetworkManager\Protocol">
      <UniqueIdentifier>{321113a6-8914-439d-b8d3-f900167182ee}</UniqueIdentifier>
    </Filter>
    <Filter Include="03_Manager\NetworkManager\Protocol\ProtoBuf">
      <UniqueIdentifier>{79390da8-e213-4084-92ce-abf8ecc38374}</UniqueIdentifier>
    </Filter>
    <Filter Include="03_Manager\NetworkManager\Network">
      <UniqueIdentifier>{456bbcca-cd0c-4578-9f4c-42c5856a56ab}</UniqueIdentifier>
    </Filter>
    <Filter Include="04_SceneView\MainMenu">
      <UniqueIdentifier>{238e91d1-d004-4082-a04b-b42823628fd1}</UniqueIdentifier>
    </Filter>
    <Filter Include="03_Manager\MenuManager">
      <UniqueIdentifier>{76b2ac2e-a96f-4c9f-a9be-c4305db62ff6}</UniqueIdentifier>
    </Filter>
    <Filter Include="02_Client\TestScene\test">
      <UniqueIdentifier>{fc498499-d32a-4872-8cb0-5341026958db}</UniqueIdentifier>
    </Filter>
    <Filter Include="02_Client\TestScene\Animation">
      <UniqueIdentifier>{8ce18128-7823-4273-b215-0583c5b2ea8e}</UniqueIdentifier>
    </Filter>
    <Filter Include="02_Client\TestScene\SceneLoader">
      <UniqueIdentifier>{84041ead-e90d-49f3-8dce-9afc738d60c4}</UniqueIdentifier>
    </Filter>
    <Filter Include="03_Manager\RoundManager">
      <UniqueIdentifier>{e8233cb4-3695-440b-9f48-fad40d71449d}</UniqueIdentifier>
    </Filter>
    <Filter Include="04_SceneView\SoundPlayer">
      <UniqueIdentifier>{7364da8c-8cb4-4c2b-8d8c-aa7b71117ae3}</UniqueIdentifier>
    </Filter>
    <Filter Include="04_SceneView\FadeInOut">
      <UniqueIdentifier>{b2f2f894-d35d-4d3b-8695-fc1b96188023}</UniqueIdentifier>
    </Filter>
    <Filter Include="GameScript">
      <UniqueIdentifier>{ef0be1a9-d055-4c19-af9e-566ca7710276}</UniqueIdentifier>
    </Filter>
    <Filter Include="GameScript\TextScript">
      <UniqueIdentifier>{fb8b271c-0c2e-440a-b783-d04736d94db8}</UniqueIdentifier>
    </Filter>
    <Filter Include="GameScript\ButtonScript">
      <UniqueIdentifier>{f79ac5cb-0ffd-4cb6-b845-794c6ce5da10}</UniqueIdentifier>
    </Filter>
    <Filter Include="03_Manager\GameManager">
      <UniqueIdentifier>{3e6093fd-b3ec-48df-b5cc-994a84f99236}</UniqueIdentifier>
    </Filter>
    <Filter Include="03_Manager\GameManager\PlayerInfo">
      <UniqueIdentifier>{3fd426df-0e08-4a6c-a6df-2b67ce877b2b}</UniqueIdentifier>
    </Filter>
    <Filter Include="03_Manager\GameManager\PlayerState">
      <UniqueIdentifier>{42b78a4a-0b1d-48f0-99cd-750b122aa05d}</UniqueIdentifier>
    </Filter>
    <Filter Include="GameScript\ImageScript">
      <UniqueIdentifier>{8573ef6f-5601-4614-ae52-96f3c1dd665c}</UniqueIdentifier>
    </Filter>
  </ItemGroup>
  <ItemGroup>
    <ResourceCompile Include="HODOclient.rc">
      <Filter>00_default</Filter>
    </ResourceCompile>
  </ItemGroup>
  <ItemGroup>
    <None Include="..\Include\Protobuf\Enum.proto">
      <Filter>03_Manager\NetworkManager\Protocol</Filter>
    </None>
    <None Include="..\Include\Protobuf\Protocol.proto">
      <Filter>03_Manager\NetworkManager\Protocol</Filter>
    </None>
    <None Include="..\Include\Protobuf\Struct.proto">
      <Filter>03_Manager\NetworkManager\Protocol</Filter>
    </None>
  </ItemGroup>
</Project>