<?xml version="1.0" encoding="utf-8"?>
<Project ToolsVersion="4.0" xmlns="http://schemas.microsoft.com/developer/msbuild/2003">
  <ItemGroup>
    <ClCompile Include="Entry.cpp">
      <Filter>01_Entry</Filter>
    </ClCompile>
    <ClCompile Include="Application.cpp">
      <Filter>01_Entry</Filter>
    </ClCompile>
    <ClCompile Include="CameraMove.cpp">
      <Filter>02_Client\01_Script\Camera</Filter>
    </ClCompile>
    <ClCompile Include="Client.cpp">
      <Filter>01_Entry</Filter>
    </ClCompile>
    <ClCompile Include="LoginSceneView.cpp">
      <Filter>04_SceneView\Login</Filter>
    </ClCompile>
    <ClCompile Include="RoundManager.cpp">
      <Filter>03_Manager\RoundManager</Filter>
    </ClCompile>
    <ClCompile Include="LobbyManager.cpp">
      <Filter>03_Manager\LobbyManager</Filter>
    </ClCompile>
    <ClCompile Include="Enum.pb.cc">
      <Filter>03_Manager\NetworkManager\Protocol\ProtoBuf</Filter>
    </ClCompile>
    <ClCompile Include="Struct.pb.cc">
      <Filter>03_Manager\NetworkManager\Protocol\ProtoBuf</Filter>
    </ClCompile>
    <ClCompile Include="ServerSession.cpp">
      <Filter>03_Manager\NetworkManager\Network</Filter>
    </ClCompile>
    <ClCompile Include="pch.cpp">
      <Filter>03_Manager\NetworkManager\Network</Filter>
    </ClCompile>
    <ClCompile Include="NetworkManager.cpp">
      <Filter>03_Manager\NetworkManager</Filter>
    </ClCompile>
    <ClCompile Include="ServerPacketHandler.cpp">
      <Filter>03_Manager\NetworkManager\Network</Filter>
    </ClCompile>
    <ClCompile Include="Protocol.pb.cc">
      <Filter>03_Manager\NetworkManager\Protocol\ProtoBuf</Filter>
    </ClCompile>
    <ClCompile Include="MainMenu.cpp">
      <Filter>04_SceneView\MainMenu</Filter>
    </ClCompile>
    <ClCompile Include="MenuManager.cpp">
      <Filter>03_Manager\MenuManager</Filter>
    </ClCompile>
    <ClCompile Include="SliderSoundScript.cpp">
      <Filter>02_Client\01_Script\99_test</Filter>
    </ClCompile>
    <ClCompile Include="TestScene.cpp">
      <Filter>02_Client\01_Script\99_test</Filter>
    </ClCompile>
    <ClCompile Include="InGameSceneView.cpp">
      <Filter>04_SceneView\InGame</Filter>
    </ClCompile>
    <ClCompile Include="LobbySceneView.cpp">
      <Filter>04_SceneView\Lobby</Filter>
    </ClCompile>
    <ClCompile Include="BtnHoveringScript.cpp">
      <Filter>02_Client\01_Script\UI\ButtonScript</Filter>
    </ClCompile>
    <ClCompile Include="GameManager.cpp">
      <Filter>03_Manager\GameManager</Filter>
    </ClCompile>
    <ClCompile Include="BtnImageScript.cpp">
      <Filter>02_Client\01_Script\UI\ImageScript</Filter>
    </ClCompile>
    <ClCompile Include="MeshTransformController.cpp">
      <Filter>02_Client\01_Script\99_test</Filter>
    </ClCompile>
    <ClCompile Include="OthersAnim.cpp">
      <Filter>02_Client\01_Script\Player\Animation\OhtersScript</Filter>
    </ClCompile>
    <ClCompile Include="PlayerTest.cpp">
      <Filter>02_Client\01_Script\99_test</Filter>
    </ClCompile>
    <ClCompile Include="PlayerMove.cpp">
      <Filter>02_Client\01_Script\Player\PlayerMove</Filter>
    </ClCompile>
    <ClCompile Include="PlayerInfo.cpp">
      <Filter>02_Client\01_Script\Player\PlayerInfo</Filter>
    </ClCompile>
    <ClCompile Include="TrainigSceneView.cpp">
      <Filter>04_SceneView\Training</Filter>
    </ClCompile>
    <ClCompile Include="BtnTextScript.cpp">
      <Filter>02_Client\01_Script\UI\ButtonScript</Filter>
    </ClCompile>
    <ClCompile Include="Timer.cpp">
      <Filter>02_Client\Util</Filter>
    </ClCompile>
    <ClCompile Include="Crosshair.cpp">
      <Filter>02_Client\01_Script\UI\Crosshair</Filter>
    </ClCompile>
    <ClCompile Include="Indicator.cpp">
      <Filter>02_Client\01_Script\UI\ScreenEffect\Indicator</Filter>
    </ClCompile>
    <ClCompile Include="HitEffect.cpp">
      <Filter>02_Client\01_Script\UI\ScreenEffect\HitEffect</Filter>
    </ClCompile>
    <ClCompile Include="LowHPEffect.cpp">
      <Filter>02_Client\01_Script\UI\ScreenEffect\LowHPEffect</Filter>
    </ClCompile>
    <ClCompile Include="IndicatorPool.cpp">
      <Filter>02_Client\01_Script\UI\ScreenEffect\Indicator\Pool</Filter>
    </ClCompile>
    <ClCompile Include="CloudRotate.cpp">
      <Filter>02_Client\01_Script\Cloud</Filter>
    </ClCompile>
    <ClCompile Include="UIEffect.cpp">
      <Filter>02_Client\01_Script\Effect\TextEffect</Filter>
    </ClCompile>
    <ClCompile Include="CooldownAlpha.cpp">
      <Filter>02_Client\01_Script\UI\CooldownUI</Filter>
    </ClCompile>
    <ClCompile Include="CooldownText.cpp">
      <Filter>02_Client\01_Script\UI\CooldownUI</Filter>
    </ClCompile>
    <ClCompile Include="SoundManager.cpp">
      <Filter>02_Client\01_Script\Sound\SoundManager</Filter>
    </ClCompile>
    <ClCompile Include="GameSetting.cpp">
      <Filter>03_Manager\SettingManager</Filter>
    </ClCompile>
  </ItemGroup>
  <ItemGroup>
    <ClInclude Include="Application.h">
      <Filter>01_Entry</Filter>
    </ClInclude>
    <ClInclude Include="CameraMove.h">
      <Filter>02_Client\01_Script\Camera</Filter>
    </ClInclude>
    <ClInclude Include="targetver.h">
      <Filter>00_default</Filter>
    </ClInclude>
    <ClInclude Include="Resource.h">
      <Filter>00_default</Filter>
    </ClInclude>
    <ClInclude Include="Client.h">
      <Filter>01_Entry</Filter>
    </ClInclude>
    <ClInclude Include="LoginSceneView.h">
      <Filter>04_SceneView\Login</Filter>
    </ClInclude>
    <ClInclude Include="RoundManager.h">
      <Filter>03_Manager\RoundManager</Filter>
    </ClInclude>
    <ClInclude Include="LobbyManager.h">
      <Filter>03_Manager\LobbyManager</Filter>
    </ClInclude>
    <ClInclude Include="Enum.pb.h">
      <Filter>03_Manager\NetworkManager\Protocol\ProtoBuf</Filter>
    </ClInclude>
    <ClInclude Include="Protocol.pb.h">
      <Filter>03_Manager\NetworkManager\Protocol\ProtoBuf</Filter>
    </ClInclude>
    <ClInclude Include="Struct.pb.h">
      <Filter>03_Manager\NetworkManager\Protocol\ProtoBuf</Filter>
    </ClInclude>
    <ClInclude Include="ServerSession.h">
      <Filter>03_Manager\NetworkManager\Network</Filter>
    </ClInclude>
    <ClInclude Include="pch.h">
      <Filter>03_Manager\NetworkManager\Network</Filter>
    </ClInclude>
    <ClInclude Include="NetworkManager.h">
      <Filter>03_Manager\NetworkManager</Filter>
    </ClInclude>
    <ClInclude Include="ServerPacketHandler.h">
      <Filter>03_Manager\NetworkManager\Network</Filter>
    </ClInclude>
    <ClInclude Include="MenuManager.h">
      <Filter>03_Manager\MenuManager</Filter>
    </ClInclude>
    <ClInclude Include="MainMenu.h">
      <Filter>04_SceneView\MainMenu</Filter>
    </ClInclude>
    <ClInclude Include="TestScene.h">
      <Filter>02_Client\01_Script\99_test</Filter>
    </ClInclude>
    <ClInclude Include="SliderSoundScript.h">
      <Filter>02_Client\01_Script\99_test</Filter>
    </ClInclude>
    <ClInclude Include="MenuManager.h">
      <Filter>03_Manager\MenuManager</Filter>
    </ClInclude>
    <ClInclude Include="MainMenu.h">
      <Filter>04_SceneView\MainMenu</Filter>
    </ClInclude>
    <ClInclude Include="InGameSceneView.h">
      <Filter>04_SceneView\InGame</Filter>
    </ClInclude>
    <ClInclude Include="BtnHoveringScript.h">
      <Filter>02_Client\01_Script\UI\ButtonScript</Filter>
    </ClInclude>
    <ClInclude Include="LobbySceneView.h">
      <Filter>04_SceneView\Lobby</Filter>
    </ClInclude>
    <ClInclude Include="GameManager.h">
      <Filter>03_Manager\GameManager</Filter>
    </ClInclude>
    <ClInclude Include="GameStruct.h">
      <Filter>03_Manager\GameManager</Filter>
    </ClInclude>
    <ClInclude Include="ErrorCode.h">
      <Filter>03_Manager\NetworkManager</Filter>
    </ClInclude>
    <ClInclude Include="BtnImageScript.h">
      <Filter>02_Client\01_Script\UI\ImageScript</Filter>
    </ClInclude>
    <ClInclude Include="MeshTransformController.h">
      <Filter>02_Client\01_Script\99_test</Filter>
    </ClInclude>
    <ClInclude Include="OthersAnim.h">
      <Filter>02_Client\01_Script\Player\Animation\OhtersScript</Filter>
    </ClInclude>
    <ClInclude Include="PlayerTest.h">
      <Filter>02_Client\01_Script\99_test</Filter>
    </ClInclude>
    <ClInclude Include="TestSound.h">
      <Filter>02_Client\01_Script\99_test</Filter>
    </ClInclude>
    <ClInclude Include="PlayerMove.h">
      <Filter>02_Client\01_Script\Player\PlayerMove</Filter>
    </ClInclude>
    <ClInclude Include="PlayerInfo.h">
      <Filter>02_Client\01_Script\Player\PlayerInfo</Filter>
    </ClInclude>
    <ClInclude Include="PlayerState.h">
      <Filter>02_Client\01_Script\Player\PlayerState</Filter>
    </ClInclude>
    <ClInclude Include="TrainigSceneView.h">
      <Filter>04_SceneView\Training</Filter>
    </ClInclude>
    <ClInclude Include="BtnTextScript.h">
      <Filter>02_Client\01_Script\UI\ButtonScript</Filter>
    </ClInclude>
    <ClInclude Include="PlayerMoveState.h">
      <Filter>02_Client\01_Script\Player\PlayerState</Filter>
    </ClInclude>
    <ClInclude Include="Timer.h">
      <Filter>02_Client\Util</Filter>
    </ClInclude>
    <ClInclude Include="Crosshair.h">
      <Filter>02_Client\01_Script\UI\Crosshair</Filter>
    </ClInclude>
    <ClInclude Include="Indicator.h">
      <Filter>02_Client\01_Script\UI\ScreenEffect\Indicator</Filter>
    </ClInclude>
    <ClInclude Include="HitEffect.h">
      <Filter>02_Client\01_Script\UI\ScreenEffect\HitEffect</Filter>
    </ClInclude>
    <ClInclude Include="LowHPEffect.h">
      <Filter>02_Client\01_Script\UI\ScreenEffect\LowHPEffect</Filter>
    </ClInclude>
    <ClInclude Include="IndicatorPool.h">
      <Filter>02_Client\01_Script\UI\ScreenEffect\Indicator\Pool</Filter>
    </ClInclude>
    <ClInclude Include="CloudRotate.h">
      <Filter>02_Client\01_Script\Cloud</Filter>
    </ClInclude>
    <ClInclude Include="UIEffect.h">
      <Filter>02_Client\01_Script\Effect\TextEffect</Filter>
    </ClInclude>
    <ClInclude Include="UITransformController.h">
      <Filter>02_Client\01_Script\99_test</Filter>
    </ClInclude>
    <ClInclude Include="CooldownAlpha.h">
      <Filter>02_Client\01_Script\UI\CooldownUI</Filter>
    </ClInclude>
    <ClInclude Include="CooldownText.h">
      <Filter>02_Client\01_Script\UI\CooldownUI</Filter>
    </ClInclude>
    <ClInclude Include="SoundManager.h">
      <Filter>02_Client\01_Script\Sound\SoundManager</Filter>
    </ClInclude>
    <ClInclude Include="GameSetting.h">
      <Filter>03_Manager\SettingManager</Filter>
    </ClInclude>
  </ItemGroup>
  <ItemGroup>
    <Image Include="HODOclient.ico">
      <Filter>00_default</Filter>
    </Image>
    <Image Include="small.ico">
      <Filter>00_default</Filter>
    </Image>
  </ItemGroup>
  <ItemGroup>
    <Filter Include="01_Entry">
      <UniqueIdentifier>{ec036ad7-dbea-4944-8e77-563788987386}</UniqueIdentifier>
    </Filter>
    <Filter Include="02_Client">
      <UniqueIdentifier>{342fcac3-0837-43be-b602-048e7ce5726e}</UniqueIdentifier>
    </Filter>
    <Filter Include="00_default">
      <UniqueIdentifier>{c6d687a0-25a1-46f1-8015-03125a0d679d}</UniqueIdentifier>
    </Filter>
    <Filter Include="03_Manager">
      <UniqueIdentifier>{d039347b-5cfa-432c-9368-05a320664418}</UniqueIdentifier>
    </Filter>
    <Filter Include="04_SceneView">
      <UniqueIdentifier>{78938400-a81c-486c-be6e-3a5260fff65a}</UniqueIdentifier>
    </Filter>
    <Filter Include="04_SceneView\Login">
      <UniqueIdentifier>{2c023769-6516-4112-b946-88a4ff055bbe}</UniqueIdentifier>
    </Filter>
    <Filter Include="04_SceneView\Lobby">
      <UniqueIdentifier>{d4fe9301-7e7c-4f97-b4f1-ade435270749}</UniqueIdentifier>
    </Filter>
    <Filter Include="04_SceneView\InGame">
      <UniqueIdentifier>{3151c696-7a9f-4315-8832-050cff904af8}</UniqueIdentifier>
    </Filter>
    <Filter Include="03_Manager\LobbyManager">
      <UniqueIdentifier>{6cc71ee5-77d6-4520-adb9-643ce13ccc65}</UniqueIdentifier>
    </Filter>
    <Filter Include="03_Manager\NetworkManager">
      <UniqueIdentifier>{bb6cabb6-1ab9-4f86-83fe-c31ee701f7a3}</UniqueIdentifier>
    </Filter>
    <Filter Include="03_Manager\NetworkManager\Protocol">
      <UniqueIdentifier>{321113a6-8914-439d-b8d3-f900167182ee}</UniqueIdentifier>
    </Filter>
    <Filter Include="03_Manager\NetworkManager\Protocol\ProtoBuf">
      <UniqueIdentifier>{79390da8-e213-4084-92ce-abf8ecc38374}</UniqueIdentifier>
    </Filter>
    <Filter Include="03_Manager\NetworkManager\Network">
      <UniqueIdentifier>{456bbcca-cd0c-4578-9f4c-42c5856a56ab}</UniqueIdentifier>
    </Filter>
    <Filter Include="04_SceneView\MainMenu">
      <UniqueIdentifier>{238e91d1-d004-4082-a04b-b42823628fd1}</UniqueIdentifier>
    </Filter>
    <Filter Include="03_Manager\MenuManager">
      <UniqueIdentifier>{76b2ac2e-a96f-4c9f-a9be-c4305db62ff6}</UniqueIdentifier>
    </Filter>
    <Filter Include="03_Manager\RoundManager">
      <UniqueIdentifier>{e8233cb4-3695-440b-9f48-fad40d71449d}</UniqueIdentifier>
    </Filter>
    <Filter Include="03_Manager\GameManager">
      <UniqueIdentifier>{3e6093fd-b3ec-48df-b5cc-994a84f99236}</UniqueIdentifier>
    </Filter>
    <Filter Include="04_SceneView\Training">
      <UniqueIdentifier>{28c0320e-f943-4eeb-892e-15b24ca4f1af}</UniqueIdentifier>
    </Filter>
    <Filter Include="02_Client\01_Script">
      <UniqueIdentifier>{8664440e-bf82-4337-b7ec-0f46723b1ee6}</UniqueIdentifier>
    </Filter>
    <Filter Include="02_Client\01_Script\Camera">
      <UniqueIdentifier>{86ee13c8-2323-4661-8522-0a2947d039a8}</UniqueIdentifier>
    </Filter>
    <Filter Include="02_Client\01_Script\Player">
      <UniqueIdentifier>{e9acabb0-cb8a-4c2a-92fc-47be2c4bbcc0}</UniqueIdentifier>
    </Filter>
    <Filter Include="02_Client\01_Script\99_test">
      <UniqueIdentifier>{fc498499-d32a-4872-8cb0-5341026958db}</UniqueIdentifier>
    </Filter>
    <Filter Include="02_Client\01_Script\Player\PlayerMove">
      <UniqueIdentifier>{f7b606cf-2407-4492-9e4f-83639dbe20e9}</UniqueIdentifier>
    </Filter>
    <Filter Include="02_Client\01_Script\Player\PlayerInfo">
      <UniqueIdentifier>{f93b7398-b7f8-4753-9cf0-3454704d6c50}</UniqueIdentifier>
    </Filter>
    <Filter Include="02_Client\01_Script\Player\PlayerState">
      <UniqueIdentifier>{82644f2a-7750-428e-8e5a-3399a94be9a2}</UniqueIdentifier>
    </Filter>
    <Filter Include="02_Client\01_Script\Effect">
      <UniqueIdentifier>{5a996260-c4e4-474d-874e-63697805f3a9}</UniqueIdentifier>
    </Filter>
    <Filter Include="02_Client\01_Script\UI">
      <UniqueIdentifier>{2bd02384-316b-4567-9388-d69965fb1901}</UniqueIdentifier>
    </Filter>
    <Filter Include="02_Client\01_Script\UI\Crosshair">
      <UniqueIdentifier>{035855eb-462d-491e-b939-ede3db1a5cbd}</UniqueIdentifier>
    </Filter>
    <Filter Include="02_Client\01_Script\Player\Animation">
      <UniqueIdentifier>{8ce18128-7823-4273-b215-0583c5b2ea8e}</UniqueIdentifier>
    </Filter>
    <Filter Include="02_Client\01_Script\Player\Animation\OhtersScript">
      <UniqueIdentifier>{14d37520-ce9f-4583-a8f1-6f3d633b11bc}</UniqueIdentifier>
    </Filter>
    <Filter Include="02_Client\01_Script\Sound">
      <UniqueIdentifier>{66f16f2e-0b2e-4c75-8e51-0e9e258984f3}</UniqueIdentifier>
    </Filter>
    <Filter Include="02_Client\01_Script\UI\ButtonScript">
      <UniqueIdentifier>{f79ac5cb-0ffd-4cb6-b845-794c6ce5da10}</UniqueIdentifier>
    </Filter>
    <Filter Include="02_Client\01_Script\UI\ImageScript">
      <UniqueIdentifier>{8573ef6f-5601-4614-ae52-96f3c1dd665c}</UniqueIdentifier>
    </Filter>
    <Filter Include="02_Client\01_Script\UI\ScreenEffect">
      <UniqueIdentifier>{806ec663-771b-4be6-b490-fca586f0ac02}</UniqueIdentifier>
    </Filter>
    <Filter Include="02_Client\Util">
      <UniqueIdentifier>{1d1a670f-3bd0-4346-9ff0-2b5462d7d4d1}</UniqueIdentifier>
    </Filter>
    <Filter Include="02_Client\01_Script\UI\ScreenEffect\Indicator">
      <UniqueIdentifier>{1bc41ce9-2817-4517-9c4c-5a1581bc3ed9}</UniqueIdentifier>
    </Filter>
    <Filter Include="02_Client\01_Script\UI\ScreenEffect\HitEffect">
      <UniqueIdentifier>{2e67a855-474b-4fe8-a32a-83aeb9ad78fd}</UniqueIdentifier>
    </Filter>
    <Filter Include="02_Client\01_Script\UI\ScreenEffect\LowHPEffect">
      <UniqueIdentifier>{4693641c-0923-4903-b9c3-ee2f3febd2c9}</UniqueIdentifier>
    </Filter>
    <Filter Include="02_Client\01_Script\UI\ScreenEffect\Indicator\Pool">
      <UniqueIdentifier>{c3e2d269-cb42-46a6-9294-404a10cf2436}</UniqueIdentifier>
    </Filter>
    <Filter Include="02_Client\01_Script\Cloud">
      <UniqueIdentifier>{29cee099-4558-4fc9-bb6b-a2a4fdbc28db}</UniqueIdentifier>
    </Filter>
    <Filter Include="02_Client\01_Script\Effect\TextEffect">
      <UniqueIdentifier>{22af6bc9-505f-41c5-ad4f-145a7b01a825}</UniqueIdentifier>
    </Filter>
    <Filter Include="02_Client\01_Script\UI\CooldownUI">
      <UniqueIdentifier>{b832df59-f007-419a-a495-e4bd9930fd0d}</UniqueIdentifier>
    </Filter>
    <Filter Include="02_Client\01_Script\Sound\SoundManager">
      <UniqueIdentifier>{2c9f3765-46ba-4b9c-8c5a-0aa3bcedbbb5}</UniqueIdentifier>
    </Filter>
    <Filter Include="03_Manager\SettingManager">
      <UniqueIdentifier>{d4439aad-4fd8-4460-9764-f7f72e9f19ee}</UniqueIdentifier>
    </Filter>
  </ItemGroup>
  <ItemGroup>
    <ResourceCompile Include="HODOclient.rc">
      <Filter>00_default</Filter>
    </ResourceCompile>
  </ItemGroup>
  <ItemGroup>
    <None Include="..\Include\Protobuf\Enum.proto">
      <Filter>03_Manager\NetworkManager\Protocol</Filter>
    </None>
    <None Include="..\Include\Protobuf\Protocol.proto">
      <Filter>03_Manager\NetworkManager\Protocol</Filter>
    </None>
    <None Include="..\include\Protobuf\Struct.proto">
      <Filter>03_Manager\NetworkManager\Protocol</Filter>
    </None>
  </ItemGroup>
</Project>