<?xml version="1.0" encoding="utf-8"?>
<Project ToolsVersion="4.0" xmlns="http://schemas.microsoft.com/developer/msbuild/2003">
  <ItemGroup>
    <FxCompile Include="VertexShader.hlsl">
      <Filter>Resource\Shader\HLSL\StaticMesh</Filter>
    </FxCompile>
    <FxCompile Include="PixelShader.hlsl">
      <Filter>Resource\Shader\HLSL\StaticMesh</Filter>
    </FxCompile>
    <FxCompile Include="SkeletonPixelShader.hlsl">
      <Filter>Resource\Shader\HLSL\SkeletonMesh</Filter>
    </FxCompile>
    <FxCompile Include="SkeletonVertexShader.hlsl">
      <Filter>Resource\Shader\HLSL\SkeletonMesh</Filter>
    </FxCompile>
    <FxCompile Include="CubeMapVertexShader.hlsl">
      <Filter>Resource\Shader\HLSL\CubeMap</Filter>
    </FxCompile>
    <FxCompile Include="CubeMapPixelShader.hlsl">
      <Filter>Resource\Shader\HLSL\CubeMap</Filter>
    </FxCompile>
    <FxCompile Include="DebugVertexShader.hlsl">
      <Filter>Resource\Shader\HLSL\DebugMesh</Filter>
    </FxCompile>
    <FxCompile Include="DebugPixelShader.hlsl">
      <Filter>Resource\Shader\HLSL\DebugMesh</Filter>
    </FxCompile>
    <FxCompile Include="FullScreenQuadVS.hlsl">
      <Filter>Resource\Shader\HLSL\Quad</Filter>
    </FxCompile>
    <FxCompile Include="FullScreenQuadPS.hlsl">
      <Filter>Resource\Shader\HLSL\Quad</Filter>
    </FxCompile>
    <FxCompile Include="BlitPixelShader.hlsl">
      <Filter>Resource\Shader\HLSL\Blit</Filter>
    </FxCompile>
    <FxCompile Include="IrradianceMapPS.hlsl">
      <Filter>Resource\Shader\HLSL\IrradianceMap</Filter>
    </FxCompile>
    <FxCompile Include="SpecularPreFilterPS.hlsl">
      <Filter>Resource\Shader\HLSL\SpecularPreFilter</Filter>
    </FxCompile>
    <FxCompile Include="IntegrateBRDF.hlsl">
      <Filter>Resource\Shader\HLSL\IntegrateBRDF</Filter>
    </FxCompile>
    <FxCompile Include="RectToCubeMapPS.hlsl">
      <Filter>Resource\Shader\HLSL\RectToCubeMap</Filter>
    </FxCompile>
    <FxCompile Include="ToneMapReinhardPS.hlsl">
      <Filter>Resource\Shader\HLSL\ToneMapping</Filter>
    </FxCompile>
    <FxCompile Include="SSAOPixelShader.hlsl">
      <Filter>Resource\Shader\HLSL\SSAO</Filter>
    </FxCompile>
    <FxCompile Include="ToneMapAcesPS.hlsl">
      <Filter>Resource\Shader\HLSL\ToneMapping</Filter>
    </FxCompile>
    <FxCompile Include="ShadowMapPS.hlsl">
      <Filter>Resource\Shader\HLSL\ShadowMap</Filter>
    </FxCompile>
    <FxCompile Include="Outline_SobelDetectionPS.hlsl">
      <Filter>Resource\Shader\HLSL\Outline</Filter>
    </FxCompile>
    <FxCompile Include="StaticMeshShadowMapVS.hlsl">
      <Filter>Resource\Shader\HLSL\ShadowMap</Filter>
    </FxCompile>
    <FxCompile Include="SkinningMeshShadowMapVS.hlsl">
      <Filter>Resource\Shader\HLSL\ShadowMap</Filter>
    </FxCompile>
    <FxCompile Include="Outline_StencilColorPS.hlsl">
      <Filter>Resource\Shader\HLSL\Outline</Filter>
    </FxCompile>
    <FxCompile Include="Outline_FullScreenQuadPS.hlsl">
      <Filter>Resource\Shader\HLSL\Outline</Filter>
    </FxCompile>
    <FxCompile Include="BillboardVertexShader.hlsl">
      <Filter>Resource\Shader\HLSL\Billboard</Filter>
    </FxCompile>
    <FxCompile Include="BillboardPixelShader.hlsl">
      <Filter>Resource\Shader\HLSL\Billboard</Filter>
    </FxCompile>
  </ItemGroup>
  <ItemGroup>
    <ClCompile Include="Camera.cpp">
      <Filter>Object\Camera</Filter>
    </ClCompile>
    <ClCompile Include="DeviceBuilderDX11.cpp">
      <Filter>Builder</Filter>
    </ClCompile>
    <ClCompile Include="ImageRenderer.cpp">
      <Filter>Object\ImageRenderer</Filter>
    </ClCompile>
    <ClCompile Include="LineRenderer.cpp">
      <Filter>Object\LineRenderer</Filter>
    </ClCompile>
    <ClCompile Include="Mesh.cpp">
      <Filter>Resource\Resource3D\BaseClass</Filter>
    </ClCompile>
    <ClCompile Include="ObjectFactory.cpp">
      <Filter>Object\ObjectFactory</Filter>
    </ClCompile>
    <ClCompile Include="ObjectManager.cpp">
      <Filter>Object\ObjectManager</Filter>
    </ClCompile>
    <ClCompile Include="PixelShader.cpp">
      <Filter>Resource\Shader\PixelShader</Filter>
    </ClCompile>
    <ClCompile Include="ResourceManager.cpp">
      <Filter>ResourceManager</Filter>
    </ClCompile>
    <ClCompile Include="RocketDX11.cpp">
      <Filter>GraphicsProcess</Filter>
    </ClCompile>
    <ClCompile Include="StaticMeshObject.cpp">
      <Filter>Object\StaticMesh</Filter>
    </ClCompile>
    <ClCompile Include="TextRenderer.cpp">
      <Filter>Object\TextObject</Filter>
    </ClCompile>
    <ClCompile Include="VertexShader.cpp">
      <Filter>Resource\Shader\VertexShader</Filter>
    </ClCompile>
    <ClCompile Include="IShader.cpp">
      <Filter>Resource\Shader\Interface</Filter>
    </ClCompile>
    <ClCompile Include="GeometryGenerator.cpp">
      <Filter>GeometryGenerator</Filter>
    </ClCompile>
    <ClCompile Include="Material.cpp">
      <Filter>Resource\Resource3D\Material</Filter>
    </ClCompile>
    <ClCompile Include="MathHelper.cpp">
      <Filter>Utility</Filter>
    </ClCompile>
    <ClCompile Include="SkinningMeshObject.cpp">
      <Filter>Object\SkinningMesh</Filter>
    </ClCompile>
    <ClCompile Include="HelperObject.cpp">
      <Filter>Object\HelperObject</Filter>
    </ClCompile>
    <ClCompile Include="Cubemap.cpp">
      <Filter>Object\Cubemap</Filter>
    </ClCompile>
    <ClCompile Include="CubeMesh.cpp">
      <Filter>Resource\Resource3D\Primitive\Deprecated</Filter>
    </ClCompile>
    <ClCompile Include="SamplerState.cpp">
      <Filter>Resource\SamplerState</Filter>
    </ClCompile>
    <ClCompile Include="GBufferPass.cpp">
      <Filter>DeferredRendering\RenderPasses\GBufferPass</Filter>
    </ClCompile>
    <ClCompile Include="DeferredBuffers.cpp">
      <Filter>DeferredRendering\DeferredBuffers</Filter>
    </ClCompile>
    <ClCompile Include="QuadBuffer.cpp">
      <Filter>DeferredRendering\QuadBuffer</Filter>
    </ClCompile>
    <ClCompile Include="DeferredPass.cpp">
      <Filter>DeferredRendering\RenderPasses\DeferredPass</Filter>
    </ClCompile>
    <ClCompile Include="BlitPass.cpp">
      <Filter>DeferredRendering\RenderPasses\BlitPass</Filter>
    </ClCompile>
    <ClCompile Include="SkyboxPass.cpp">
      <Filter>DeferredRendering\RenderPasses\SkyboxPass</Filter>
    </ClCompile>
    <ClCompile Include="SpritePass.cpp">
      <Filter>DeferredRendering\RenderPasses\SpritePass</Filter>
    </ClCompile>
    <ClCompile Include="DebugMeshPass.cpp">
      <Filter>DeferredRendering\RenderPasses\DebugMeshPass</Filter>
    </ClCompile>
    <ClCompile Include="Line.cpp">
      <Filter>Object\Line</Filter>
    </ClCompile>
    <ClCompile Include="Light.cpp">
      <Filter>Object\Light</Filter>
    </ClCompile>
    <ClCompile Include="LightAdapter.cpp">
      <Filter>Object\Light</Filter>
    </ClCompile>
    <ClCompile Include="ToneMapPass.cpp">
      <Filter>DeferredRendering\RenderPasses\ToneMapPass</Filter>
    </ClCompile>
    <ClCompile Include="SSAOPass.cpp">
      <Filter>DeferredRendering\RenderPasses\SSAOPass</Filter>
    </ClCompile>
    <ClCompile Include="ShadowMapPass.cpp">
      <Filter>DeferredRendering\RenderPasses\ShadowMapPass</Filter>
    </ClCompile>
    <ClCompile Include="OutlinePass.cpp">
      <Filter>DeferredRendering\RenderPasses\OutlinePass</Filter>
    </ClCompile>
    <ClCompile Include="GeometryShader.cpp">
      <Filter>Resource\Shader\GeometryShader</Filter>
    </ClCompile>
    <ClCompile Include="BillboardParticle.cpp">
      <Filter>Object\Particle\Billboard</Filter>
    </ClCompile>
    <ClCompile Include="ParticlePass.cpp">
      <Filter>DeferredRendering\RenderPasses\ParticlePass</Filter>
    </ClCompile>
  </ItemGroup>
  <ItemGroup>
    <ClInclude Include="Camera.h">
      <Filter>Object\Camera</Filter>
    </ClInclude>
    <ClInclude Include="DeviceBuilderDX11.h">
      <Filter>Builder</Filter>
    </ClInclude>
    <ClInclude Include="dllExporter.h">
      <Filter>dllExporter</Filter>
    </ClInclude>
    <ClInclude Include="GraphicsStruct.h">
      <Filter>Struct</Filter>
    </ClInclude>
    <ClInclude Include="IBuilder.h">
      <Filter>Builder\Interface</Filter>
    </ClInclude>
    <ClInclude Include="IResource.h">
      <Filter>Resource\Interface</Filter>
    </ClInclude>
    <ClInclude Include="LineRenderer.h">
      <Filter>Object\LineRenderer</Filter>
    </ClInclude>
    <ClInclude Include="IShader.h">
      <Filter>Resource\Shader\Interface</Filter>
    </ClInclude>
    <ClInclude Include="Mesh.h">
      <Filter>Resource\Resource3D\BaseClass</Filter>
    </ClInclude>
    <ClInclude Include="ObjectFactory.h">
      <Filter>Object\ObjectFactory</Filter>
    </ClInclude>
    <ClInclude Include="ObjectManager.h">
      <Filter>Object\ObjectManager</Filter>
    </ClInclude>
    <ClInclude Include="PixelShader.h">
      <Filter>Resource\Shader\PixelShader</Filter>
    </ClInclude>
    <ClInclude Include="ResourceManager.h">
      <Filter>ResourceManager</Filter>
    </ClInclude>
    <ClInclude Include="RocketDX11.h">
      <Filter>GraphicsProcess</Filter>
    </ClInclude>
    <ClInclude Include="Singleton.h">
      <Filter>ResourceManager</Filter>
    </ClInclude>
    <ClInclude Include="RocketMacroDX11.h">
      <Filter>Utility</Filter>
    </ClInclude>
    <ClInclude Include="StaticMeshObject.h">
      <Filter>Object\StaticMesh</Filter>
    </ClInclude>
    <ClInclude Include="TextRenderer.h">
      <Filter>Object\TextObject</Filter>
    </ClInclude>
    <ClInclude Include="VertexShader.h">
      <Filter>Resource\Shader\VertexShader</Filter>
    </ClInclude>
    <ClInclude Include="ShaderStruct.h">
      <Filter>Resource\Shader\ShaderStruct</Filter>
    </ClInclude>
    <ClInclude Include="GeometryGenerator.h">
      <Filter>GeometryGenerator</Filter>
    </ClInclude>
    <ClInclude Include="MathHelper.h">
      <Filter>Utility</Filter>
    </ClInclude>
    <ClInclude Include="Animation.h">
      <Filter>Struct</Filter>
    </ClInclude>
    <ClInclude Include="Material.h">
      <Filter>Resource\Resource3D\Material</Filter>
    </ClInclude>
    <ClInclude Include="AssimpMathConverter.h">
      <Filter>Utility</Filter>
    </ClInclude>
    <ClInclude Include="SkinningMeshObject.h">
      <Filter>Object\SkinningMesh</Filter>
    </ClInclude>
    <ClInclude Include="HelperObject.h">
      <Filter>Object\HelperObject</Filter>
    </ClInclude>
    <ClInclude Include="Cubemap.h">
      <Filter>Object\Cubemap</Filter>
    </ClInclude>
    <ClInclude Include="ImageRenderer.h">
      <Filter>Object\ImageRenderer</Filter>
    </ClInclude>
    <ClInclude Include="MathHeader.h">
      <Filter>MathHeader</Filter>
    </ClInclude>
    <ClInclude Include="CubeMesh.h">
      <Filter>Resource\Resource3D\Primitive\Deprecated</Filter>
    </ClInclude>
    <ClInclude Include="SamplerState.h">
      <Filter>Resource\SamplerState</Filter>
    </ClInclude>
    <ClInclude Include="GBufferPass.h">
      <Filter>DeferredRendering\RenderPasses\GBufferPass</Filter>
    </ClInclude>
    <ClInclude Include="DeferredBuffers.h">
      <Filter>DeferredRendering\DeferredBuffers</Filter>
    </ClInclude>
    <ClInclude Include="QuadBuffer.h">
      <Filter>DeferredRendering\QuadBuffer</Filter>
    </ClInclude>
    <ClInclude Include="DeferredPass.h">
      <Filter>DeferredRendering\RenderPasses\DeferredPass</Filter>
    </ClInclude>
    <ClInclude Include="BlitPass.h">
      <Filter>DeferredRendering\RenderPasses\BlitPass</Filter>
    </ClInclude>
    <ClInclude Include="SkyboxPass.h">
      <Filter>DeferredRendering\RenderPasses\SkyboxPass</Filter>
    </ClInclude>
    <ClInclude Include="DebugMeshPass.h">
      <Filter>DeferredRendering\RenderPasses\DebugMeshPass</Filter>
    </ClInclude>
    <ClInclude Include="Line.h">
      <Filter>Object\Line</Filter>
    </ClInclude>
    <ClInclude Include="Light.h">
      <Filter>Object\Light</Filter>
    </ClInclude>
    <ClInclude Include="LightAdapter.h">
      <Filter>Object\Light</Filter>
    </ClInclude>
    <ClInclude Include="ToneMapPass.h">
      <Filter>DeferredRendering\RenderPasses\ToneMapPass</Filter>
    </ClInclude>
    <ClInclude Include="SSAOPass.h">
      <Filter>DeferredRendering\RenderPasses\SSAOPass</Filter>
    </ClInclude>
    <ClInclude Include="ShadowMapPass.h">
      <Filter>DeferredRendering\RenderPasses\ShadowMapPass</Filter>
    </ClInclude>
    <ClInclude Include="SpritePass.h">
      <Filter>DeferredRendering\RenderPasses\SpritePass</Filter>
    </ClInclude>
    <ClInclude Include="OutlinePass.h">
      <Filter>DeferredRendering\RenderPasses\OutlinePass</Filter>
    </ClInclude>
    <ClInclude Include="GeometryShader.h">
      <Filter>Resource\Shader\GeometryShader</Filter>
    </ClInclude>
    <ClInclude Include="BillboardParticle.h">
      <Filter>Object\Particle\Billboard</Filter>
    </ClInclude>
    <ClInclude Include="ParticlePass.h">
      <Filter>DeferredRendering\RenderPasses\ParticlePass</Filter>
    </ClInclude>
  </ItemGroup>
  <ItemGroup>
    <Filter Include="Builder">
      <UniqueIdentifier>{019b1634-5a7c-4c1d-a75b-6f62aa5f71e2}</UniqueIdentifier>
    </Filter>
    <Filter Include="Builder\Interface">
      <UniqueIdentifier>{2b9a4a94-79e5-44a6-a04c-3533336ecc10}</UniqueIdentifier>
    </Filter>
    <Filter Include="dllExporter">
      <UniqueIdentifier>{469f1d43-ecb9-4ad1-b5c5-b895bec72d42}</UniqueIdentifier>
    </Filter>
    <Filter Include="Object">
      <UniqueIdentifier>{7dcc5874-dd39-4cbf-8c16-a378066fa391}</UniqueIdentifier>
    </Filter>
    <Filter Include="Object\Camera">
      <UniqueIdentifier>{569834aa-0dc1-4d58-86a8-a5376e7b1fd6}</UniqueIdentifier>
    </Filter>
    <Filter Include="Object\HelperObject">
      <UniqueIdentifier>{58879384-5c1a-44e3-9913-4dd22345d70c}</UniqueIdentifier>
    </Filter>
    <Filter Include="Object\ImageRenderer">
      <UniqueIdentifier>{41ded109-339b-444e-a6e6-a1bf560a3330}</UniqueIdentifier>
    </Filter>
    <Filter Include="Object\LineRenderer">
      <UniqueIdentifier>{29601c1e-6dd6-412d-8f40-c8d66e78a994}</UniqueIdentifier>
    </Filter>
    <Filter Include="Object\StaticMesh">
      <UniqueIdentifier>{b06c9dce-0c2e-4e80-9d78-36595b5a6d4d}</UniqueIdentifier>
    </Filter>
    <Filter Include="Object\TextObject">
      <UniqueIdentifier>{4e5df295-451d-4a52-87a7-90d2884ebebf}</UniqueIdentifier>
    </Filter>
    <Filter Include="Object\ObjectFactory">
      <UniqueIdentifier>{e3285456-1476-4c23-b8b0-9eaaf7356bab}</UniqueIdentifier>
    </Filter>
    <Filter Include="Object\ObjectManager">
      <UniqueIdentifier>{11071d87-dcf1-499b-b90c-53d5ec16db05}</UniqueIdentifier>
    </Filter>
    <Filter Include="Resource">
      <UniqueIdentifier>{5a459304-e098-43fa-9b09-91426347a350}</UniqueIdentifier>
    </Filter>
    <Filter Include="Resource\2DResource">
      <UniqueIdentifier>{53e4fd8b-8d60-4ee1-af38-c0b85702c652}</UniqueIdentifier>
    </Filter>
    <Filter Include="Resource\Interface">
      <UniqueIdentifier>{09e22f74-861b-465b-87d5-06f2a3723283}</UniqueIdentifier>
    </Filter>
    <Filter Include="Resource\Resource3D">
      <UniqueIdentifier>{0f5090f8-5e58-4fec-a487-5152d2dfacca}</UniqueIdentifier>
    </Filter>
    <Filter Include="Resource\Resource3D\BaseClass">
      <UniqueIdentifier>{9cf0dba3-0cef-4a20-8674-a9ef2c746f99}</UniqueIdentifier>
    </Filter>
    <Filter Include="Resource\Resource3D\Primitive">
      <UniqueIdentifier>{1be45435-87eb-4608-901a-d17ad8d542ac}</UniqueIdentifier>
    </Filter>
    <Filter Include="Resource\Shader">
      <UniqueIdentifier>{dcfc1891-19ba-4656-930a-c318b65099f7}</UniqueIdentifier>
    </Filter>
    <Filter Include="Resource\Shader\HLSL">
      <UniqueIdentifier>{215b4f0b-7d91-4a0d-9303-f3dc430726f8}</UniqueIdentifier>
    </Filter>
    <Filter Include="Resource\Shader\Interface">
      <UniqueIdentifier>{7f875c8d-bce6-4837-919f-35ac117e4e09}</UniqueIdentifier>
    </Filter>
    <Filter Include="Resource\Shader\PixelShader">
      <UniqueIdentifier>{f596a4d4-b168-45e7-9bab-e2c153cc0a68}</UniqueIdentifier>
    </Filter>
    <Filter Include="Resource\Shader\VertexShader">
      <UniqueIdentifier>{4b9ac501-5fae-4275-9946-b06a334905b4}</UniqueIdentifier>
    </Filter>
    <Filter Include="ResourceManager">
      <UniqueIdentifier>{bb22cbeb-4eca-4b21-a20d-5a4389748a60}</UniqueIdentifier>
    </Filter>
    <Filter Include="Struct">
      <UniqueIdentifier>{c63da8da-d699-44a5-8fa0-c155abef3996}</UniqueIdentifier>
    </Filter>
    <Filter Include="Utility">
      <UniqueIdentifier>{77a9e738-394c-412e-a732-423451335d9b}</UniqueIdentifier>
    </Filter>
    <Filter Include="GraphicsProcess">
      <UniqueIdentifier>{783d888a-f61d-4e9b-906b-301a0c7c4c9a}</UniqueIdentifier>
    </Filter>
    <Filter Include="Resource\Shader\ShaderStruct">
      <UniqueIdentifier>{3ed8a78b-3239-4747-b967-c796a69e0968}</UniqueIdentifier>
    </Filter>
    <Filter Include="Object\Light">
      <UniqueIdentifier>{ec2bc23f-2925-4ae1-9529-c18faf4d4916}</UniqueIdentifier>
    </Filter>
    <Filter Include="Resource\Shader\HLSL\StaticMesh">
      <UniqueIdentifier>{da1d8c1f-7d9b-4be9-a707-125ea5c9c46a}</UniqueIdentifier>
    </Filter>
    <Filter Include="Resource\Shader\HLSL\SkeletonMesh">
      <UniqueIdentifier>{dfc43e52-1bb3-4c6f-b062-88ff058a0c44}</UniqueIdentifier>
    </Filter>
    <Filter Include="Resource\Shader\HLSL\CubeMap">
      <UniqueIdentifier>{638160f3-9c7a-49fd-9ec7-0a8a83f7b843}</UniqueIdentifier>
    </Filter>
    <Filter Include="GeometryGenerator">
      <UniqueIdentifier>{60750075-3eba-44f4-9dcb-1669104d61a4}</UniqueIdentifier>
    </Filter>
    <Filter Include="Resource\Resource3D\Material">
      <UniqueIdentifier>{d29731b7-9a5f-4495-b992-1505314c0233}</UniqueIdentifier>
    </Filter>
    <Filter Include="Object\SkinningMesh">
      <UniqueIdentifier>{51bf0425-9c14-4153-a750-4f08ac11fce2}</UniqueIdentifier>
    </Filter>
    <Filter Include="Resource\Shader\HLSL\DebugMesh">
      <UniqueIdentifier>{bed60426-c7bd-4b36-a092-139e9c5c93f5}</UniqueIdentifier>
    </Filter>
    <Filter Include="Object\Cubemap">
      <UniqueIdentifier>{3e08331c-c291-4e77-87b4-6e4b8b73be12}</UniqueIdentifier>
    </Filter>
    <Filter Include="MathHeader">
      <UniqueIdentifier>{a0e0843e-87db-4207-b6b2-6ef6cbeb9a92}</UniqueIdentifier>
    </Filter>
    <Filter Include="Resource\Resource3D\Primitive\Deprecated">
      <UniqueIdentifier>{f4ba69ef-2cf5-47da-9cdc-4ffccc14b430}</UniqueIdentifier>
    </Filter>
    <Filter Include="Resource\SamplerState">
      <UniqueIdentifier>{d7b6e47f-d878-48ae-846c-3f969fd0dd9e}</UniqueIdentifier>
    </Filter>
    <Filter Include="Resource\Shader\HLSL\Include">
      <UniqueIdentifier>{30d25b20-4a36-4427-8418-c29a9081b387}</UniqueIdentifier>
    </Filter>
    <Filter Include="DeferredRendering">
      <UniqueIdentifier>{a633a54d-e5e6-48d6-8777-515abda28ad0}</UniqueIdentifier>
    </Filter>
    <Filter Include="DeferredRendering\DeferredBuffers">
      <UniqueIdentifier>{52c89a44-d55e-4772-bd4a-2ffc392686ba}</UniqueIdentifier>
    </Filter>
    <Filter Include="DeferredRendering\RenderPasses">
      <UniqueIdentifier>{d0b0fdc2-11bc-4709-a96e-819237152dbe}</UniqueIdentifier>
    </Filter>
    <Filter Include="DeferredRendering\RenderPasses\BlitPass">
      <UniqueIdentifier>{d47a6d75-f934-4319-91d2-fa2da18ca9a4}</UniqueIdentifier>
    </Filter>
    <Filter Include="DeferredRendering\RenderPasses\DeferredPass">
      <UniqueIdentifier>{6a970d8f-0039-4675-a714-deb48e9e482f}</UniqueIdentifier>
    </Filter>
    <Filter Include="DeferredRendering\RenderPasses\GBufferPass">
      <UniqueIdentifier>{b732ccb3-77b3-4460-b825-b275f997baca}</UniqueIdentifier>
    </Filter>
    <Filter Include="DeferredRendering\RenderPasses\SSAOPass">
      <UniqueIdentifier>{5a191154-60fd-4586-b9e7-e593bee1daee}</UniqueIdentifier>
    </Filter>
    <Filter Include="DeferredRendering\QuadBuffer">
      <UniqueIdentifier>{bf84c0e8-ad27-43da-8e9f-72f35429f3f3}</UniqueIdentifier>
    </Filter>
    <Filter Include="Resource\Shader\HLSL\Quad">
      <UniqueIdentifier>{f8f3c865-12a9-496e-92fb-de8ed8184ac8}</UniqueIdentifier>
    </Filter>
    <Filter Include="Resource\Shader\HLSL\Blit">
      <UniqueIdentifier>{af0681c4-fccc-4e74-b680-bf064743ad4b}</UniqueIdentifier>
    </Filter>
    <Filter Include="DeferredRendering\RenderPasses\SpritePass">
      <UniqueIdentifier>{2baf4854-637d-41df-b8aa-91c3b8bde7a6}</UniqueIdentifier>
    </Filter>
    <Filter Include="DeferredRendering\RenderPasses\SkyboxPass">
      <UniqueIdentifier>{bfa3219e-18fc-4d99-9559-2e1d9e0ebe40}</UniqueIdentifier>
    </Filter>
    <Filter Include="DeferredRendering\RenderPasses\DebugMeshPass">
      <UniqueIdentifier>{7dc68242-c951-4d0e-be71-d43553753539}</UniqueIdentifier>
    </Filter>
    <Filter Include="Object\Line">
      <UniqueIdentifier>{fef4642c-22f2-447b-b01e-e62180ce51b2}</UniqueIdentifier>
    </Filter>
    <Filter Include="Resource\Shader\HLSL\IrradianceMap">
      <UniqueIdentifier>{e56469f5-1ebe-4428-af53-7e3eeafcfaec}</UniqueIdentifier>
    </Filter>
    <Filter Include="Resource\Shader\HLSL\SpecularPreFilter">
      <UniqueIdentifier>{e96f43f1-e783-4330-aaca-f7823fcd9b7c}</UniqueIdentifier>
    </Filter>
    <Filter Include="Resource\Shader\HLSL\IntegrateBRDF">
      <UniqueIdentifier>{d10a3675-3d80-48f9-a61c-d45124868211}</UniqueIdentifier>
    </Filter>
    <Filter Include="Resource\Shader\HLSL\RectToCubeMap">
      <UniqueIdentifier>{9588e615-68c0-401c-86d8-992554bcf5e2}</UniqueIdentifier>
    </Filter>
    <Filter Include="DeferredRendering\RenderPasses\ToneMapPass">
      <UniqueIdentifier>{a1c4f2fd-9601-46a4-bfc6-bdb7477c43ef}</UniqueIdentifier>
    </Filter>
    <Filter Include="Resource\Shader\HLSL\SSAO">
      <UniqueIdentifier>{609197ae-927f-4bda-b671-7a4c68c7991b}</UniqueIdentifier>
    </Filter>
    <Filter Include="Resource\Shader\HLSL\ToneMapping">
      <UniqueIdentifier>{1b00a9b2-7f5a-40f1-a1fb-05221e3907fb}</UniqueIdentifier>
    </Filter>
    <Filter Include="DeferredRendering\RenderPasses\ShadowMapPass">
      <UniqueIdentifier>{b2aef3ea-9f8d-43aa-aa30-ee77e710e2a7}</UniqueIdentifier>
    </Filter>
    <Filter Include="Resource\Shader\HLSL\ShadowMap">
      <UniqueIdentifier>{86ff2d08-049d-45ef-9067-ebaf27727218}</UniqueIdentifier>
    </Filter>
    <Filter Include="DeferredRendering\RenderPasses\OutlinePass">
      <UniqueIdentifier>{154b15da-9c13-405c-8e04-537d5a386834}</UniqueIdentifier>
    </Filter>
    <Filter Include="Resource\Shader\HLSL\Outline">
      <UniqueIdentifier>{2bf82f61-3088-497f-a437-6285e0724c94}</UniqueIdentifier>
    </Filter>
    <Filter Include="Resource\Shader\GeometryShader">
      <UniqueIdentifier>{6d310d2e-db01-44ec-b709-fa1ed4567547}</UniqueIdentifier>
    </Filter>
    <Filter Include="Resource\Shader\HLSL\Billboard">
      <UniqueIdentifier>{4760ce01-4cbd-402d-a9d4-70a17115984e}</UniqueIdentifier>
    </Filter>
    <Filter Include="DeferredRendering\RenderPasses\ParticlePass">
      <UniqueIdentifier>{92fbb2e3-43d9-440e-94c9-2dfc4f4f7401}</UniqueIdentifier>
    </Filter>
    <Filter Include="Object\Particle">
      <UniqueIdentifier>{cc412ae1-1605-4bc7-8249-4e9aaccd64dd}</UniqueIdentifier>
    </Filter>
    <Filter Include="Object\Particle\Billboard">
      <UniqueIdentifier>{85c54b1c-5cf4-4dcc-9a3a-e8a4c8ad4b4f}</UniqueIdentifier>
    </Filter>
    <Filter Include="Object\Particle\Mesh">
      <UniqueIdentifier>{b9ba8f41-c321-4aba-989e-c5b89d9be47f}</UniqueIdentifier>
    </Filter>
  </ItemGroup>
  <ItemGroup>
    <None Include="Sampler.hlsli">
      <Filter>Resource\Shader\HLSL\Include</Filter>
    </None>
    <None Include="Lighting.hlsli">
      <Filter>Resource\Shader\HLSL\Include</Filter>
    </None>
    <None Include="BRDF.hlsli">
      <Filter>Resource\Shader\HLSL\Include</Filter>
    </None>
    <None Include="Shading.hlsli">
      <Filter>Resource\Shader\HLSL\Include</Filter>
    </None>
    <None Include="ConstantBuffer.hlsli">
      <Filter>Resource\Shader\HLSL\Include</Filter>
    </None>
    <None Include="CommonData.hlsli">
      <Filter>Resource\Shader\HLSL\Include</Filter>
    </None>
  </ItemGroup>
</Project>