<?xml version="1.0" encoding="utf-8"?>
<Project ToolsVersion="4.0" xmlns="http://schemas.microsoft.com/developer/msbuild/2003">
  <ItemGroup>
    <Filter Include="Utility">
      <UniqueIdentifier>{b7a8bff7-b411-4744-9774-6815838fa65d}</UniqueIdentifier>
    </Filter>
    <Filter Include="Builder">
      <UniqueIdentifier>{5e6c16b9-90f1-4fa8-a3ae-fa8253d69820}</UniqueIdentifier>
    </Filter>
    <Filter Include="Builder\Interface">
      <UniqueIdentifier>{678a5b82-b9c3-4e3f-8f8d-4aa902c766d9}</UniqueIdentifier>
    </Filter>
    <Filter Include="Resource">
      <UniqueIdentifier>{22c35920-33c7-49ee-93e4-a0ba4a627ed2}</UniqueIdentifier>
    </Filter>
    <Filter Include="ResourceManager">
      <UniqueIdentifier>{56355718-585f-4ceb-bd43-58a540dac1d8}</UniqueIdentifier>
    </Filter>
    <Filter Include="Object">
      <UniqueIdentifier>{025d9de3-b455-450d-bd73-8c1821805381}</UniqueIdentifier>
    </Filter>
    <Filter Include="Object\HelperObject">
      <UniqueIdentifier>{ad16b830-a53c-4ee0-b153-f753003fb0dc}</UniqueIdentifier>
    </Filter>
    <Filter Include="Resource\Interface">
      <UniqueIdentifier>{af9e05cf-3026-4dc9-9324-2cfb964f3da7}</UniqueIdentifier>
    </Filter>
    <Filter Include="ObjectManager">
      <UniqueIdentifier>{29fd3f0b-e069-4c6e-946d-62a3f083f0b7}</UniqueIdentifier>
    </Filter>
    <Filter Include="Object\StaticMesh">
      <UniqueIdentifier>{6631cd88-eb46-4f41-869f-f611a8b4e9ec}</UniqueIdentifier>
    </Filter>
    <Filter Include="Object\SkinnedMesh">
      <UniqueIdentifier>{9b1a4f56-f64b-4952-9bfb-f0758a6c41f5}</UniqueIdentifier>
    </Filter>
    <Filter Include="ObjectFactory">
      <UniqueIdentifier>{8e06a945-0e27-4271-88a7-c0df8b93c968}</UniqueIdentifier>
    </Filter>
    <Filter Include="GraphicsEngine">
      <UniqueIdentifier>{11c77221-a681-4070-85a2-6e01f7b6d202}</UniqueIdentifier>
    </Filter>
    <Filter Include="Object\Camera">
      <UniqueIdentifier>{3225d4ac-ebcc-46d9-bca8-abe63a7fd42c}</UniqueIdentifier>
    </Filter>
    <Filter Include="dllExporter">
      <UniqueIdentifier>{46b21e4f-6b9f-4bb2-aa28-84e873e8b930}</UniqueIdentifier>
    </Filter>
    <Filter Include="Resource\2DResource">
      <UniqueIdentifier>{c9f1bc06-b3f3-41ae-9618-39f8d9cc079d}</UniqueIdentifier>
    </Filter>
    <Filter Include="Resource\Shader">
      <UniqueIdentifier>{dad1e232-9fc1-403c-bd33-72520cf50809}</UniqueIdentifier>
    </Filter>
    <Filter Include="Resource\Resource3D">
      <UniqueIdentifier>{e6960d65-d481-4543-941d-fbbedb5396ab}</UniqueIdentifier>
    </Filter>
    <Filter Include="Resource\Resource3D\Primitive">
      <UniqueIdentifier>{d317e1d1-45f8-4cbd-b666-459d0c586ba5}</UniqueIdentifier>
    </Filter>
    <Filter Include="Resource\Resource3D\BaseClass">
      <UniqueIdentifier>{95fd2463-fd92-4e31-8716-98047843eb58}</UniqueIdentifier>
    </Filter>
    <Filter Include="Resource\Shader\PixelShader">
      <UniqueIdentifier>{548bd845-3fee-40f9-8d77-b845918e054b}</UniqueIdentifier>
    </Filter>
    <Filter Include="Resource\Shader\VertexShader">
      <UniqueIdentifier>{432a0a45-8dfd-4a92-a33c-ee223f44104a}</UniqueIdentifier>
    </Filter>
    <Filter Include="Resource\Shader\Interface">
      <UniqueIdentifier>{29efc75b-6165-429a-91b3-ac525dfbe18f}</UniqueIdentifier>
    </Filter>
    <Filter Include="Resource\Shader\HLSL">
      <UniqueIdentifier>{bb4107b1-7dd3-44b6-be03-6574cf1a5916}</UniqueIdentifier>
    </Filter>
    <Filter Include="Object\TextObject">
      <UniqueIdentifier>{094e9487-c82a-4cf3-b01d-ab610ca789e2}</UniqueIdentifier>
    </Filter>
    <Filter Include="Object\ImageRenderer">
      <UniqueIdentifier>{a82f26e1-fb7f-4ba2-ad78-9a1b2af5921d}</UniqueIdentifier>
    </Filter>
    <Filter Include="FBXLoader">
      <UniqueIdentifier>{79a203d5-88d8-4bb0-8db6-7a203dccee94}</UniqueIdentifier>
    </Filter>
    <Filter Include="Resource\Model">
      <UniqueIdentifier>{3229854e-c518-44f9-910b-98c5d4afb3db}</UniqueIdentifier>
    </Filter>
    <Filter Include="Struct">
      <UniqueIdentifier>{807ae992-75a5-4338-8105-9a159ab4690b}</UniqueIdentifier>
    </Filter>
    <Filter Include="Resource\Shader\HLSL\Color">
      <UniqueIdentifier>{07bf18b9-120f-4a8b-83f1-e3e15dd488ea}</UniqueIdentifier>
    </Filter>
    <Filter Include="Resource\Shader\HLSL\Texture">
      <UniqueIdentifier>{0377a53c-9ea6-4c01-92b4-8750d6e2a8c1}</UniqueIdentifier>
    </Filter>
    <Filter Include="Resource\Texture">
      <UniqueIdentifier>{40c8ea6f-2f05-4f1c-abac-65262fb82a9d}</UniqueIdentifier>
    </Filter>
  </ItemGroup>
  <ItemGroup>
    <ClCompile Include="RocketDX11.cpp">
      <Filter>GraphicsEngine</Filter>
    </ClCompile>
    <ClCompile Include="DeviceBuilderDX11.cpp">
      <Filter>Builder</Filter>
    </ClCompile>
    <ClCompile Include="Axis.cpp">
      <Filter>Object\HelperObject</Filter>
    </ClCompile>
    <ClCompile Include="Grid.cpp">
      <Filter>Object\HelperObject</Filter>
    </ClCompile>
    <ClCompile Include="ResourceManager.cpp">
      <Filter>ResourceManager</Filter>
    </ClCompile>
    <ClCompile Include="ObjectManager.cpp">
      <Filter>ObjectManager</Filter>
    </ClCompile>
    <ClCompile Include="Camera.cpp">
      <Filter>Object\Camera</Filter>
    </ClCompile>
    <ClCompile Include="VertexShader.cpp">
      <Filter>Resource\Shader\VertexShader</Filter>
    </ClCompile>
    <ClCompile Include="PixelShader.cpp">
      <Filter>Resource\Shader\PixelShader</Filter>
    </ClCompile>
    <ClCompile Include="StaticMeshObject.cpp">
      <Filter>Object\StaticMesh</Filter>
    </ClCompile>
    <ClCompile Include="ObjectFactory.cpp">
      <Filter>ObjectFactory</Filter>
    </ClCompile>
    <ClCompile Include="CubeMesh.cpp">
      <Filter>Resource\Resource3D\Primitive</Filter>
    </ClCompile>
    <ClCompile Include="Mesh.cpp">
      <Filter>Resource\Resource3D\BaseClass</Filter>
    </ClCompile>
    <ClCompile Include="TextRenderer.cpp">
      <Filter>Object\TextObject</Filter>
    </ClCompile>
    <ClCompile Include="ImageRenderer.cpp">
      <Filter>Object\ImageRenderer</Filter>
    </ClCompile>
    <ClCompile Include="FBXLoader.cpp">
      <Filter>FBXLoader</Filter>
    </ClCompile>
    <ClCompile Include="Model.cpp">
      <Filter>Resource\Model</Filter>
    </ClCompile>
    <ClCompile Include="Texture.cpp">
      <Filter>Resource\Texture</Filter>
    </ClCompile>
  </ItemGroup>
  <ItemGroup>
    <ClInclude Include="RocketDX11.h">
      <Filter>GraphicsEngine</Filter>
    </ClInclude>
    <ClInclude Include="RocketMacroDX11.h">
      <Filter>Utility</Filter>
    </ClInclude>
    <ClInclude Include="DeviceBuilderDX11.h">
      <Filter>Builder</Filter>
    </ClInclude>
    <ClInclude Include="IBuilder.h">
      <Filter>Builder\Interface</Filter>
    </ClInclude>
    <ClInclude Include="Axis.h">
      <Filter>Object\HelperObject</Filter>
    </ClInclude>
    <ClInclude Include="Grid.h">
      <Filter>Object\HelperObject</Filter>
    </ClInclude>
    <ClInclude Include="IResource.h">
      <Filter>Resource\Interface</Filter>
    </ClInclude>
    <ClInclude Include="ResourceManager.h">
      <Filter>ResourceManager</Filter>
    </ClInclude>
    <ClInclude Include="ObjectManager.h">
      <Filter>ObjectManager</Filter>
    </ClInclude>
    <ClInclude Include="Camera.h">
      <Filter>Object\Camera</Filter>
    </ClInclude>
    <ClInclude Include="IShader.h">
      <Filter>Resource\Shader\Interface</Filter>
    </ClInclude>
    <ClInclude Include="VertexShader.h">
      <Filter>Resource\Shader\VertexShader</Filter>
    </ClInclude>
    <ClInclude Include="PixelShader.h">
      <Filter>Resource\Shader\PixelShader</Filter>
    </ClInclude>
    <ClInclude Include="StaticMeshObject.h">
      <Filter>Object\StaticMesh</Filter>
    </ClInclude>
    <ClInclude Include="ObjectFactory.h">
      <Filter>ObjectFactory</Filter>
    </ClInclude>
    <ClInclude Include="Singleton.h">
      <Filter>ResourceManager</Filter>
    </ClInclude>
    <ClInclude Include="dllExporter.h">
      <Filter>dllExporter</Filter>
    </ClInclude>
    <ClInclude Include="CubeMesh.h">
      <Filter>Resource\Resource3D\Primitive</Filter>
    </ClInclude>
    <ClInclude Include="Mesh.h">
      <Filter>Resource\Resource3D\BaseClass</Filter>
    </ClInclude>
    <ClInclude Include="TextRenderer.h">
      <Filter>Object\TextObject</Filter>
    </ClInclude>
    <ClInclude Include="ImageRenderer.h">
      <Filter>Object\ImageRenderer</Filter>
    </ClInclude>
    <ClInclude Include="FBXLoader.h">
      <Filter>FBXLoader</Filter>
    </ClInclude>
    <ClInclude Include="Model.h">
      <Filter>Resource\Model</Filter>
    </ClInclude>
    <ClInclude Include="GraphicsStruct.h">
      <Filter>Struct</Filter>
    </ClInclude>
    <ClInclude Include="Texture.h">
      <Filter>Resource\Texture</Filter>
    </ClInclude>
  </ItemGroup>
  <ItemGroup>
    <FxCompile Include="ColorVS.hlsl">
      <Filter>Resource\Shader\HLSL\Color</Filter>
    </FxCompile>
    <FxCompile Include="ColorPS.hlsl">
      <Filter>Resource\Shader\HLSL\Color</Filter>
    </FxCompile>
    <FxCompile Include="TexturePS.hlsl">
      <Filter>Resource\Shader\HLSL\Texture</Filter>
    </FxCompile>
    <FxCompile Include="TextureVS.hlsl">
      <Filter>Resource\Shader\HLSL\Texture</Filter>
    </FxCompile>
  </ItemGroup>
</Project>