<?xml version="1.0" encoding="utf-8"?>
<Project ToolsVersion="4.0" xmlns="http://schemas.microsoft.com/developer/msbuild/2003">
  <ItemGroup>
    <Filter Include="00_Default">
      <UniqueIdentifier>{8b23ff3e-01a0-444d-9023-d2c6a98e1663}</UniqueIdentifier>
    </Filter>
    <Filter Include="01_EngineProcess">
      <UniqueIdentifier>{6fb42b1f-27a0-428a-8085-82fb8e0048bb}</UniqueIdentifier>
    </Filter>
    <Filter Include="01_EngineProcess\0. Interface">
      <UniqueIdentifier>{77d68b67-6a4a-492c-be10-5c62cb73efe9}</UniqueIdentifier>
    </Filter>
    <Filter Include="01_EngineProcess\1. dllExporter">
      <UniqueIdentifier>{4f966e9a-0535-47d1-8732-abe82fc0c647}</UniqueIdentifier>
    </Filter>
    <Filter Include="03_Scene">
      <UniqueIdentifier>{f4afbb12-0b2e-45f6-b0a1-539260af9727}</UniqueIdentifier>
    </Filter>
    <Filter Include="04_GameObject">
      <UniqueIdentifier>{3471ffb6-2201-437b-8867-bbc241be2085}</UniqueIdentifier>
    </Filter>
    <Filter Include="05_Component">
      <UniqueIdentifier>{65c6a5c3-8cbb-4ff4-ba36-96762c95d89a}</UniqueIdentifier>
    </Filter>
    <Filter Include="05_Component\ComponentBase">
      <UniqueIdentifier>{b6935a20-c554-4c1b-a384-d04d3aeb461c}</UniqueIdentifier>
    </Filter>
    <Filter Include="05_Component\Transform">
      <UniqueIdentifier>{1d994bc1-3cba-48ef-bd78-d8a7e3880a99}</UniqueIdentifier>
    </Filter>
    <Filter Include="05_Component\Collision">
      <UniqueIdentifier>{ff76b52b-9184-49be-88ea-cf3a2f8b2cfa}</UniqueIdentifier>
    </Filter>
    <Filter Include="06_System">
      <UniqueIdentifier>{0e13d6ef-847d-45f8-ac32-f23e63fcdccd}</UniqueIdentifier>
    </Filter>
    <Filter Include="06_System\SceneSystem">
      <UniqueIdentifier>{70d01e0f-d404-48c5-8ca3-7ed2f58f5bac}</UniqueIdentifier>
    </Filter>
    <Filter Include="06_System\Singleton">
      <UniqueIdentifier>{fc6c0d83-dc3f-4106-b748-70afabc5ec3f}</UniqueIdentifier>
    </Filter>
    <Filter Include="01_EngineProcess\2. API">
      <UniqueIdentifier>{12a6450c-cedd-43ae-aa71-17378d599a71}</UniqueIdentifier>
    </Filter>
    <Filter Include="06_System\InputSystem">
      <UniqueIdentifier>{05740da4-93e0-4789-a9d4-c679447bab1c}</UniqueIdentifier>
    </Filter>
    <Filter Include="06_System\ObjectSystem">
      <UniqueIdentifier>{92dbd339-a43a-422e-8f1a-0baacaf99ab7}</UniqueIdentifier>
    </Filter>
    <Filter Include="06_System\DebugSystem">
      <UniqueIdentifier>{8fa2bf0e-70a6-4703-ae78-22adbc772aff}</UniqueIdentifier>
    </Filter>
    <Filter Include="06_System\LogSystem">
      <UniqueIdentifier>{13641af9-b372-40b0-b98d-8c66dd02e480}</UniqueIdentifier>
    </Filter>
    <Filter Include="06_System\TimeSystem">
      <UniqueIdentifier>{1dc7e8a8-e616-4e15-9f53-371bcdbe878d}</UniqueIdentifier>
    </Filter>
    <Filter Include="06_System\IDSystem">
      <UniqueIdentifier>{42b0db42-55c8-440f-9a90-5ec2ab1ea37e}</UniqueIdentifier>
    </Filter>
  </ItemGroup>
  <ItemGroup>
    <ClInclude Include="targetver.h">
      <Filter>00_Default</Filter>
    </ClInclude>
    <ClInclude Include="framework.h">
      <Filter>00_Default</Filter>
    </ClInclude>
    <ClInclude Include="Resource.h">
      <Filter>00_Default</Filter>
    </ClInclude>
    <ClInclude Include="HODOengine.h">
      <Filter>01_EngineProcess</Filter>
    </ClInclude>
    <ClInclude Include="IHODOengine.h">
      <Filter>01_EngineProcess\0. Interface</Filter>
    </ClInclude>
    <ClInclude Include="dllExporter.h">
      <Filter>01_EngineProcess\1. dllExporter</Filter>
    </ClInclude>
    <ClInclude Include="GameObject.h">
      <Filter>04_GameObject</Filter>
    </ClInclude>
    <ClInclude Include="Transform.h">
      <Filter>05_Component\Transform</Filter>
    </ClInclude>
    <ClInclude Include="Scene.h">
      <Filter>03_Scene</Filter>
    </ClInclude>
    <ClInclude Include="SceneSystem.h">
      <Filter>06_System\SceneSystem</Filter>
    </ClInclude>
    <ClInclude Include="Singleton.h">
      <Filter>06_System\Singleton</Filter>
    </ClInclude>
    <ClInclude Include="Component.h">
      <Filter>05_Component\ComponentBase</Filter>
    </ClInclude>
    <ClInclude Include="Collision.h">
      <Filter>05_Component\Collision</Filter>
    </ClInclude>
    <ClInclude Include="HODO_API.h">
      <Filter>01_EngineProcess\2. API</Filter>
    </ClInclude>
    <ClInclude Include="Camera.h" />
    <ClInclude Include="HodoGIGlobal.h" />
    <ClInclude Include="HodoGIObject.h" />
    <ClInclude Include="IDSystem.h">
      <Filter>06_System\IDSystem</Filter>
    </ClInclude>
    <ClInclude Include="InputSystem.h">
      <Filter>06_System\InputSystem</Filter>
    </ClInclude>
    <ClInclude Include="ObjectSystem.h">
      <Filter>06_System\ObjectSystem</Filter>
    </ClInclude>
  </ItemGroup>
  <ItemGroup>
    <Image Include="small.ico">
      <Filter>00_Default</Filter>
    </Image>
    <Image Include="HODOengine.ico">
      <Filter>00_Default</Filter>
    </Image>
  </ItemGroup>
  <ItemGroup>
    <ResourceCompile Include="HODOengine.rc">
      <Filter>00_Default</Filter>
    </ResourceCompile>
  </ItemGroup>
  <ItemGroup>
    <ClCompile Include="HODOengine.cpp">
      <Filter>01_EngineProcess</Filter>
    </ClCompile>
    <ClCompile Include="GameObject.cpp">
      <Filter>04_GameObject</Filter>
    </ClCompile>
    <ClCompile Include="Transform.cpp">
      <Filter>05_Component\Transform</Filter>
    </ClCompile>
    <ClCompile Include="Collision.cpp">
      <Filter>05_Component\Collision</Filter>
    </ClCompile>
    <ClCompile Include="Scene.cpp">
      <Filter>03_Scene</Filter>
    </ClCompile>
    <ClCompile Include="SceneSystem.cpp">
      <Filter>06_System\SceneSystem</Filter>
    </ClCompile>
    <ClCompile Include="Component.cpp">
      <Filter>05_Component\ComponentBase</Filter>
    </ClCompile>
    <ClCompile Include="HODO_API.cpp">
      <Filter>01_EngineProcess\2. API</Filter>
    </ClCompile>
    <ClCompile Include="Camera.cpp" />
    <ClCompile Include="HodoGIObject.cpp" />
    <ClCompile Include="IDSystem.cpp">
      <Filter>06_System\IDSystem</Filter>
    </ClCompile>
    <ClCompile Include="InputSystem.cpp">
      <Filter>06_System\InputSystem</Filter>
    </ClCompile>
    <ClCompile Include="ObjectSystem.cpp">
      <Filter>06_System\ObjectSystem</Filter>
    </ClCompile>
  </ItemGroup>
</Project>