
Microsoft Visual Studio Solution File, Format Version 12.00
# Visual Studio Version 17
VisualStudioVersion = 17.5.33502.453
MinimumVisualStudioVersion = 10.0.40219.1
Project("{8BC9CEB8-8B4A-11D0-8D11-00A0C91BC942}") = "HODOengine", "HODOengine\HODOengine.vcxproj", "{92B4BA0B-8B0B-4777-BD83-94281F6F22F0}"
	ProjectSection(ProjectDependencies) = postProject
		{70C11750-CCBF-4DBE-843E-CF9557E19806} = {70C11750-CCBF-4DBE-843E-CF9557E19806}
		{9873B061-FD76-4EBA-AEE8-25789C4260C7} = {9873B061-FD76-4EBA-AEE8-25789C4260C7}
	EndProjectSection
EndProject
Project("{8BC9CEB8-8B4A-11D0-8D11-00A0C91BC942}") = "HODOclient", "HODOclient\HODOclient.vcxproj", "{BF11A407-2522-4094-AD41-31FCF8528546}"
	ProjectSection(ProjectDependencies) = postProject
		{92B4BA0B-8B0B-4777-BD83-94281F6F22F0} = {92B4BA0B-8B0B-4777-BD83-94281F6F22F0}
	EndProjectSection
EndProject
Project("{8BC9CEB8-8B4A-11D0-8D11-00A0C91BC942}") = "HODOmath", "HODOmath\HODOmath.vcxproj", "{70C11750-CCBF-4DBE-843E-CF9557E19806}"
EndProject
Project("{8BC9CEB8-8B4A-11D0-8D11-00A0C91BC942}") = "HODOutil", "HODOutil\HODOutil.vcxproj", "{9873B061-FD76-4EBA-AEE8-25789C4260C7}"
EndProject
Project("{8BC9CEB8-8B4A-11D0-8D11-00A0C91BC942}") = "HODO3DGraphicsInterface", "HODO3DGraphicsInterface\HODO3DGraphicsInterface.vcxproj", "{AF173EE6-34AF-47F3-8BBC-BAB6F79F6650}"
EndProject
Global
	GlobalSection(SolutionConfigurationPlatforms) = preSolution
		Debug|x64 = Debug|x64
		Debug|x86 = Debug|x86
		Release|x64 = Release|x64
		Release|x86 = Release|x86
	EndGlobalSection
	GlobalSection(ProjectConfigurationPlatforms) = postSolution
		{92B4BA0B-8B0B-4777-BD83-94281F6F22F0}.Debug|x64.ActiveCfg = Debug|x64
		{92B4BA0B-8B0B-4777-BD83-94281F6F22F0}.Debug|x64.Build.0 = Debug|x64
		{92B4BA0B-8B0B-4777-BD83-94281F6F22F0}.Debug|x86.ActiveCfg = Debug|Win32
		{92B4BA0B-8B0B-4777-BD83-94281F6F22F0}.Debug|x86.Build.0 = Debug|Win32
		{92B4BA0B-8B0B-4777-BD83-94281F6F22F0}.Release|x64.ActiveCfg = Release|x64
		{92B4BA0B-8B0B-4777-BD83-94281F6F22F0}.Release|x64.Build.0 = Release|x64
		{92B4BA0B-8B0B-4777-BD83-94281F6F22F0}.Release|x86.ActiveCfg = Release|Win32
		{92B4BA0B-8B0B-4777-BD83-94281F6F22F0}.Release|x86.Build.0 = Release|Win32
		{BF11A407-2522-4094-AD41-31FCF8528546}.Debug|x64.ActiveCfg = Debug|x64
		{BF11A407-2522-4094-AD41-31FCF8528546}.Debug|x64.Build.0 = Debug|x64
		{BF11A407-2522-4094-AD41-31FCF8528546}.Debug|x86.ActiveCfg = Debug|Win32
		{BF11A407-2522-4094-AD41-31FCF8528546}.Debug|x86.Build.0 = Debug|Win32
		{BF11A407-2522-4094-AD41-31FCF8528546}.Release|x64.ActiveCfg = Release|x64
		{BF11A407-2522-4094-AD41-31FCF8528546}.Release|x64.Build.0 = Release|x64
		{BF11A407-2522-4094-AD41-31FCF8528546}.Release|x86.ActiveCfg = Release|Win32
		{BF11A407-2522-4094-AD41-31FCF8528546}.Release|x86.Build.0 = Release|Win32
		{70C11750-CCBF-4DBE-843E-CF9557E19806}.Debug|x64.ActiveCfg = Debug|x64
		{70C11750-CCBF-4DBE-843E-CF9557E19806}.Debug|x64.Build.0 = Debug|x64
		{70C11750-CCBF-4DBE-843E-CF9557E19806}.Debug|x86.ActiveCfg = Debug|Win32
		{70C11750-CCBF-4DBE-843E-CF9557E19806}.Debug|x86.Build.0 = Debug|Win32
		{70C11750-CCBF-4DBE-843E-CF9557E19806}.Release|x64.ActiveCfg = Release|x64
		{70C11750-CCBF-4DBE-843E-CF9557E19806}.Release|x64.Build.0 = Release|x64
		{70C11750-CCBF-4DBE-843E-CF9557E19806}.Release|x86.ActiveCfg = Release|Win32
		{70C11750-CCBF-4DBE-843E-CF9557E19806}.Release|x86.Build.0 = Release|Win32
		{9873B061-FD76-4EBA-AEE8-25789C4260C7}.Debug|x64.ActiveCfg = Debug|x64
		{9873B061-FD76-4EBA-AEE8-25789C4260C7}.Debug|x64.Build.0 = Debug|x64
		{9873B061-FD76-4EBA-AEE8-25789C4260C7}.Debug|x86.ActiveCfg = Debug|Win32
		{9873B061-FD76-4EBA-AEE8-25789C4260C7}.Debug|x86.Build.0 = Debug|Win32
		{9873B061-FD76-4EBA-AEE8-25789C4260C7}.Release|x64.ActiveCfg = Release|x64
		{9873B061-FD76-4EBA-AEE8-25789C4260C7}.Release|x64.Build.0 = Release|x64
		{9873B061-FD76-4EBA-AEE8-25789C4260C7}.Release|x86.ActiveCfg = Release|Win32
		{9873B061-FD76-4EBA-AEE8-25789C4260C7}.Release|x86.Build.0 = Release|Win32
		{AF173EE6-34AF-47F3-8BBC-BAB6F79F6650}.Debug|x64.ActiveCfg = Debug|x64
		{AF173EE6-34AF-47F3-8BBC-BAB6F79F6650}.Debug|x64.Build.0 = Debug|x64
		{AF173EE6-34AF-47F3-8BBC-BAB6F79F6650}.Debug|x86.ActiveCfg = Debug|Win32
		{AF173EE6-34AF-47F3-8BBC-BAB6F79F6650}.Debug|x86.Build.0 = Debug|Win32
		{AF173EE6-34AF-47F3-8BBC-BAB6F79F6650}.Release|x64.ActiveCfg = Release|x64
		{AF173EE6-34AF-47F3-8BBC-BAB6F79F6650}.Release|x64.Build.0 = Release|x64
		{AF173EE6-34AF-47F3-8BBC-BAB6F79F6650}.Release|x86.ActiveCfg = Release|Win32
		{AF173EE6-34AF-47F3-8BBC-BAB6F79F6650}.Release|x86.Build.0 = Release|Win32
	EndGlobalSection
	GlobalSection(SolutionProperties) = preSolution
		HideSolutionNode = FALSE
	EndGlobalSection
	GlobalSection(ExtensibilityGlobals) = postSolution
		SolutionGuid = {649F48D7-B7E7-4A7C-B421-F3950B8F108B}
	EndGlobalSection
EndGlobal
